
Microsoft Visual Studio Solution File, Format Version 12.00
# Visual Studio Version 16
VisualStudioVersion = 16.0.30804.86
MinimumVisualStudioVersion = 10.0.40219.1
Project("{9A19103F-16F7-4668-BE54-9A1E7A4F7556}") = "BaseCore", "BaseCore\BaseCore.csproj", "{A957CD77-5C44-411A-AC86-E08E328609EF}"
EndProject
Project("{9A19103F-16F7-4668-BE54-9A1E7A4F7556}") = "BaseCore.Data", "BaseCore.Data\BaseCore.Data.csproj", "{A401571A-C9DA-4BCF-9CDC-6B6C4C75A952}"
EndProject
Project("{9A19103F-16F7-4668-BE54-9A1E7A4F7556}") = "BaseCore.Common", "BaseCore.Common\BaseCore.Common.csproj", "{8C39938D-3413-4273-84DA-7B0AD4DA9EBD}"
EndProject
Project("{FAE04EC0-301F-11D3-BF4B-00C04F79EFBC}") = "BaseCore.BusinessLogic", "BaseCore.BusinessLogic\BaseCore.BusinessLogic.csproj", "{021632A2-8D8B-44F8-805C-68FD1265956A}"
EndProject
Global
	GlobalSection(SolutionConfigurationPlatforms) = preSolution
		Debug|Any CPU = Debug|Any CPU
		Release|Any CPU = Release|Any CPU
	EndGlobalSection
	GlobalSection(ProjectConfigurationPlatforms) = postSolution
		{A957CD77-5C44-411A-AC86-E08E328609EF}.Debug|Any CPU.ActiveCfg = Debug|Any CPU
		{A957CD77-5C44-411A-AC86-E08E328609EF}.Debug|Any CPU.Build.0 = Debug|Any CPU
		{A957CD77-5C44-411A-AC86-E08E328609EF}.Release|Any CPU.ActiveCfg = Release|Any CPU
		{A957CD77-5C44-411A-AC86-E08E328609EF}.Release|Any CPU.Build.0 = Release|Any CPU
		{A401571A-C9DA-4BCF-9CDC-6B6C4C75A952}.Debug|Any CPU.ActiveCfg = Debug|Any CPU
		{A401571A-C9DA-4BCF-9CDC-6B6C4C75A952}.Debug|Any CPU.Build.0 = Debug|Any CPU
		{A401571A-C9DA-4BCF-9CDC-6B6C4C75A952}.Release|Any CPU.ActiveCfg = Release|Any CPU
		{A401571A-C9DA-4BCF-9CDC-6B6C4C75A952}.Release|Any CPU.Build.0 = Release|Any CPU
		{8C39938D-3413-4273-84DA-7B0AD4DA9EBD}.Debug|Any CPU.ActiveCfg = Debug|Any CPU
		{8C39938D-3413-4273-84DA-7B0AD4DA9EBD}.Debug|Any CPU.Build.0 = Debug|Any CPU
		{8C39938D-3413-4273-84DA-7B0AD4DA9EBD}.Release|Any CPU.ActiveCfg = Release|Any CPU
		{8C39938D-3413-4273-84DA-7B0AD4DA9EBD}.Release|Any CPU.Build.0 = Release|Any CPU
		{021632A2-8D8B-44F8-805C-68FD1265956A}.Debug|Any CPU.ActiveCfg = Debug|Any CPU
		{021632A2-8D8B-44F8-805C-68FD1265956A}.Debug|Any CPU.Build.0 = Debug|Any CPU
		{021632A2-8D8B-44F8-805C-68FD1265956A}.Release|Any CPU.ActiveCfg = Release|Any CPU
		{021632A2-8D8B-44F8-805C-68FD1265956A}.Release|Any CPU.Build.0 = Release|Any CPU
	EndGlobalSection
	GlobalSection(SolutionProperties) = preSolution
		HideSolutionNode = FALSE
	EndGlobalSection
	GlobalSection(ExtensibilityGlobals) = postSolution
		SolutionGuid = {E936C455-84BA-4B57-972E-C9A08583C4A9}
	EndGlobalSection
EndGlobal
